{
  "nodes": {
    "disko": {
      "inputs": {
        "nixpkgs": [
          "nixpkgs"
        ]
      },
      "locked": {
        "lastModified": 1789770686,
        "narHash": "sha256-uZkBR7yHdIKUFB5SZdfgh1qkGfI3XmYmI/lTiquxbck=",
        "owner": "nix-community",
        "repo": "disko",
        "rev": "725ea35e410ad83be4931d1bff7e090eacaf3563",
        "type": "github"
      },
      "original": {
        "owner": "nix-community",
        "repo": "disko",
        "type": "github"
      }
    },
    "home-manager": {
      "inputs": {
        "nixpkgs": [
          "nixpkgs"
        ]
      },
      "locked": {
        "lastModified": 1788921139,
        "narHash": "sha256-2wRuvf9UDw1SYWtBcxNmxLeAtNU1i/hc1c0AKQHdvlM=",
        "owner": "nix-community",
        "repo": "home-manager",
        "rev": "a2dbe7c2c9333e8234ae8114c7f731784201d108",
        "type": "github"
      },
      "original": {
        "owner": "nix-community",
        "repo": "home-manager",
        "type": "github"
      }
    },
    "nixos-hardware": {
      "inputs": {
        "nixpkgs": [
          "nixpkgs"
        ]
      },
      "locked": {
        "lastModified": 1789752250,
        "narHash": "sha256-q0J27mJDfd4BM9a7KcMVbcRmqyU+goQwudbMIu66qsg=",
        "owner": "NixOS",
        "repo": "nixos-hardware",
        "rev": "b2d7d02644f0002535a3bb51a73780945cdc7ba4",
        "type": "github"
      },
      "original": {
        "owner": "NixOS",
        "repo": "nixos-hardware",
        "type": "github"
      }
    },
    "nixos-modules": {
      "inputs": {
        "nixpkgs": [
          "nixpkgs"
        ],
        "wherever": "wherever"
      },
      "locked": {
        "lastModified": 1790524405,
        "narHash": "sha256-3Fwxc6w2Egy+0nnAvC6p0nUjoz4TGfqYwSpMgx6iFXE=",
        "owner": "wighawag",
        "repo": "nixos-modules",
        "rev": "c718c07f94ee3dc8883b8ae54cbb9b4b3966b10b",
        "type": "github"
      },
      "original": {
        "owner": "wighawag",
        "repo": "nixos-modules",
        "type": "github"
      }
    },
    "nixpkgs": {
      "locked": {
        "lastModified": 1788881743,
        "narHash": "sha256-2V9GZGvPfrNzxFozhI9dcqV+c3QdA8YZrvAAzqEB+dI=",
        "owner": "NixOS",
        "repo": "nixpkgs",
        "rev": "d6524aaca2ff07876657ae2b323f24be4874944b",
        "type": "github"
      },
      "original": {
        "owner": "NixOS",
        "ref": "nixos-unstable",
        "repo": "nixpkgs",
        "type": "github"
      }
    },
    "noctalia": {
      "flake": false,
      "locked": {
        "lastModified": 1789344529,
        "narHash": "sha256-vZ0K+5Par33Omh1z1iRAXEvS4m0/jIb6S6aflJjyUVE=",
        "owner": "noctalia-dev",
        "repo": "noctalia",
        "rev": "5d66d118861fedcbe039d9d04d06904cced40613",
        "type": "github"
      },
      "original": {
        "owner": "noctalia-dev",
        "repo": "noctalia",
        "type": "github"
      }
    },
    "root": {
      "inputs": {
        "disko": "disko",
        "home-manager": "home-manager",
        "nixos-hardware": "nixos-hardware",
        "nixos-modules": "nixos-modules",
        "nixpkgs": "nixpkgs",
        "noctalia": "noctalia",
        "sops-nix": "sops-nix"
      }
    },
    "sops-nix": {
      "inputs": {
        "nixpkgs": [
          "nixpkgs"
        ]
      },
      "locked": {
        "lastModified": 1790498116,
        "narHash": "sha256-rs9meAYxW3zzrh43yaW7htrqCD+X9+pupDPHN86fumI=",
        "owner": "Mic92",
        "repo": "sops-nix",
        "rev": "5efb5a6f4f5ab192817d28557dd4d650fa14d866",
        "type": "github"
      },
      "original": {
        "owner": "Mic92",
        "repo": "sops-nix",
        "type": "github"
      }
    },
    "wherever": {
      "flake": false,
      "locked": {
        "lastModified": 1790514971,
        "narHash": "sha256-EAG5UQFycBWJSgBhyjwu0JbQeviTcRTo1b8hwoz+i70=",
        "owner": "wighawag",
        "repo": "wherever",
        "rev": "14f259641f44630b72430035cac1c275b2901ae4",
        "type": "github"
      },
      "original": {
        "owner": "wighawag",
        "repo": "wherever",
        "rev": "14f259641f44630b72430035cac1c275b2901ae4",
        "type": "github"
      }
    }
  },
  "root": "root",
  "version": 7
}
